
Microsoft Visual Studio Solution File, Format Version 12.00
# Visual Studio Version 17
VisualStudioVersion = 17.9.34622.214
MinimumVisualStudioVersion = 10.0.40219.1
Project("{9A19103F-16F7-4668-BE54-9A1E7A4F7556}") = "kokos", "kokos.csproj", "{17622D1C-CA8F-4370-92CE-1DF53077C59F}"
EndProject
Global
	GlobalSection(SolutionConfigurationPlatforms) = preSolution
		Debug|Any CPU = Debug|Any CPU
		Release|Any CPU = Release|Any CPU
	EndGlobalSection
	GlobalSection(ProjectConfigurationPlatforms) = postSolution
		{17622D1C-CA8F-4370-92CE-1DF53077C59F}.Debug|Any CPU.ActiveCfg = Debug|Any CPU
		{17622D1C-CA8F-4370-92CE-1DF53077C59F}.Debug|Any CPU.Build.0 = Debug|Any CPU
		{17622D1C-CA8F-4370-92CE-1DF53077C59F}.Release|Any CPU.ActiveCfg = Release|Any CPU
		{17622D1C-CA8F-4370-92CE-1DF53077C59F}.Release|Any CPU.Build.0 = Release|Any CPU
	EndGlobalSection
	GlobalSection(SolutionProperties) = preSolution
		HideSolutionNode = FALSE
	EndGlobalSection
	GlobalSection(ExtensibilityGlobals) = postSolution
		SolutionGuid = {6DA84E9D-AF4C-4DB3-A933-D0E892838EB4}
	EndGlobalSection
EndGlobal
